
Microsoft Visual Studio Solution File, Format Version 12.00
# Visual Studio Version 17
VisualStudioVersion = 17.6.33829.357
MinimumVisualStudioVersion = 10.0.40219.1
Project("{FAE04EC0-301F-11D3-BF4B-00C04F79EFBC}") = "BonusProject", "BonusProject.csproj", "{6252112E-B9B1-495B-AE67-EB4B07E041FF}"
EndProject
Global
	GlobalSection(SolutionConfigurationPlatforms) = preSolution
		Debug|Any CPU = Debug|Any CPU
		Release|Any CPU = Release|Any CPU
	EndGlobalSection
	GlobalSection(ProjectConfigurationPlatforms) = postSolution
		{6252112E-B9B1-495B-AE67-EB4B07E041FF}.Debug|Any CPU.ActiveCfg = Debug|Any CPU
		{6252112E-B9B1-495B-AE67-EB4B07E041FF}.Debug|Any CPU.Build.0 = Debug|Any CPU
		{6252112E-B9B1-495B-AE67-EB4B07E041FF}.Release|Any CPU.ActiveCfg = Release|Any CPU
		{6252112E-B9B1-495B-AE67-EB4B07E041FF}.Release|Any CPU.Build.0 = Release|Any CPU
	EndGlobalSection
	GlobalSection(SolutionProperties) = preSolution
		HideSolutionNode = FALSE
	EndGlobalSection
	GlobalSection(ExtensibilityGlobals) = postSolution
		SolutionGuid = {C7B2D71B-9953-43D1-9A0E-D979FA5FA5F8}
	EndGlobalSection
EndGlobal
